// !$*UTF8*$!
{
	archiveVersion = 1;
	classes = {
	};
	objectVersion = 46;
	objects = {

/* Begin PBXBuildFile section */
		2517F245971D640C733191D0 /* Pods_Sorting.framework in Frameworks */ = {isa = PBXBuildFile; fileRef = 39F50848D72ACC04E57D61CA /* Pods_Sorting.framework */; };
		271AF4C61DEE92FD00B3FB02 /* InsertionSort.swift in Sources */ = {isa = PBXBuildFile; fileRef = 271AF4C51DEE92FD00B3FB02 /* InsertionSort.swift */; };
		271AF4C81DEEAE1900B3FB02 /* InsertionSortMove.swift in Sources */ = {isa = PBXBuildFile; fileRef = 271AF4C71DEEAE1900B3FB02 /* InsertionSortMove.swift */; };
		271AF4EA1DF554DA00B3FB02 /* SortLogView.swift in Sources */ = {isa = PBXBuildFile; fileRef = 271AF4E91DF554DA00B3FB02 /* SortLogView.swift */; };
		271AF4EC1DF7C1EE00B3FB02 /* SortAnimation.swift in Sources */ = {isa = PBXBuildFile; fileRef = 271AF4EB1DF7C1EE00B3FB02 /* SortAnimation.swift */; };
		2731415E1DD1A7840060B6B4 /* SortCollectionViewCell.swift in Sources */ = {isa = PBXBuildFile; fileRef = 2731415D1DD1A7840060B6B4 /* SortCollectionViewCell.swift */; };
		2752BC6D1DC48E2C00837BCF /* Main.storyboard in Resources */ = {isa = PBXBuildFile; fileRef = 2752BC6B1DC48E2C00837BCF /* Main.storyboard */; };
		2752BC6F1DC48E2C00837BCF /* Assets.xcassets in Resources */ = {isa = PBXBuildFile; fileRef = 2752BC6E1DC48E2C00837BCF /* Assets.xcassets */; };
		2752BC721DC48E2C00837BCF /* LaunchScreen.storyboard in Resources */ = {isa = PBXBuildFile; fileRef = 2752BC701DC48E2C00837BCF /* LaunchScreen.storyboard */; };
		27545DBD1E32069600025032 /* BigOhStringFormatter.swift in Sources */ = {isa = PBXBuildFile; fileRef = 27545DBC1E32069600025032 /* BigOhStringFormatter.swift */; };
		275592B61DD995B000A5F093 /* QuickSort.swift in Sources */ = {isa = PBXBuildFile; fileRef = 275592B51DD995B000A5F093 /* QuickSort.swift */; };
		275592BA1DD9B61700A5F093 /* QuickSortMove.swift in Sources */ = {isa = PBXBuildFile; fileRef = 275592B91DD9B61700A5F093 /* QuickSortMove.swift */; };
		275592BC1DDAD27400A5F093 /* QuickSortCollectionViewCell.swift in Sources */ = {isa = PBXBuildFile; fileRef = 275592BB1DDAD27400A5F093 /* QuickSortCollectionViewCell.swift */; };
		275B391F1DE2DCFE0000B22C /* MergeSort.swift in Sources */ = {isa = PBXBuildFile; fileRef = 275B391E1DE2DCFE0000B22C /* MergeSort.swift */; };
		275B39211DE41A1C0000B22C /* MergeSortMove.swift in Sources */ = {isa = PBXBuildFile; fileRef = 275B39201DE41A1C0000B22C /* MergeSortMove.swift */; };
		2784807A1DC995A9002ADF3D /* SortingAlgorithm.swift in Sources */ = {isa = PBXBuildFile; fileRef = 278480791DC995A9002ADF3D /* SortingAlgorithm.swift */; };
		2784807F1DC9962E002ADF3D /* BubbleSortMove.swift in Sources */ = {isa = PBXBuildFile; fileRef = 2784807E1DC9962E002ADF3D /* BubbleSortMove.swift */; };
		278480811DC9967A002ADF3D /* BubbleSort.swift in Sources */ = {isa = PBXBuildFile; fileRef = 278480801DC9967A002ADF3D /* BubbleSort.swift */; };
		278480851DC99ED9002ADF3D /* BubbleSortViewController.swift in Sources */ = {isa = PBXBuildFile; fileRef = 278480841DC99ED9002ADF3D /* BubbleSortViewController.swift */; };
		278480871DC99F73002ADF3D /* InsertionSortViewController.swift in Sources */ = {isa = PBXBuildFile; fileRef = 278480861DC99F73002ADF3D /* InsertionSortViewController.swift */; };
		278480891DC99FB2002ADF3D /* MergeSortViewController.swift in Sources */ = {isa = PBXBuildFile; fileRef = 278480881DC99FB2002ADF3D /* MergeSortViewController.swift */; };
		2784808B1DC99FE7002ADF3D /* QuickSortViewController.swift in Sources */ = {isa = PBXBuildFile; fileRef = 2784808A1DC99FE7002ADF3D /* QuickSortViewController.swift */; };
		2784808D1DC9A04C002ADF3D /* SideMenuViewController.swift in Sources */ = {isa = PBXBuildFile; fileRef = 2784808C1DC9A04C002ADF3D /* SideMenuViewController.swift */; };
		2784808F1DC9A228002ADF3D /* AppDelegate.swift in Sources */ = {isa = PBXBuildFile; fileRef = 2784808E1DC9A228002ADF3D /* AppDelegate.swift */; };
		278480911DC9A302002ADF3D /* MainViewController.swift in Sources */ = {isa = PBXBuildFile; fileRef = 278480901DC9A302002ADF3D /* MainViewController.swift */; };
		278480931DC9C443002ADF3D /* SortMove.swift in Sources */ = {isa = PBXBuildFile; fileRef = 278480921DC9C443002ADF3D /* SortMove.swift */; };
		27B74B8B1DF8030100DFD30F /* BaseSortingViewController.swift in Sources */ = {isa = PBXBuildFile; fileRef = 27B74B8A1DF8030100DFD30F /* BaseSortingViewController.swift */; };
		27BC66671E5314F5000C2B5F /* InputArrays.swift in Sources */ = {isa = PBXBuildFile; fileRef = 27BC66661E5314F5000C2B5F /* InputArrays.swift */; };
		27BC666B1E5402DD000C2B5F /* Localizable.strings in Resources */ = {isa = PBXBuildFile; fileRef = 27BC666D1E5402DD000C2B5F /* Localizable.strings */; };
		27BC668E1E5543AF000C2B5F /* Colors.swift in Sources */ = {isa = PBXBuildFile; fileRef = 27BC668D1E5543AF000C2B5F /* Colors.swift */; };
		27BC66931E554689000C2B5F /* StringHelpers.swift in Sources */ = {isa = PBXBuildFile; fileRef = 27BC66921E554689000C2B5F /* StringHelpers.swift */; };
/* End PBXBuildFile section */

/* Begin PBXFileReference section */
		271AF4C51DEE92FD00B3FB02 /* InsertionSort.swift */ = {isa = PBXFileReference; fileEncoding = 4; lastKnownFileType = sourcecode.swift; path = InsertionSort.swift; sourceTree = "<group>"; };
		271AF4C71DEEAE1900B3FB02 /* InsertionSortMove.swift */ = {isa = PBXFileReference; fileEncoding = 4; lastKnownFileType = sourcecode.swift; path = InsertionSortMove.swift; sourceTree = "<group>"; };
		271AF4E91DF554DA00B3FB02 /* SortLogView.swift */ = {isa = PBXFileReference; fileEncoding = 4; lastKnownFileType = sourcecode.swift; path = SortLogView.swift; sourceTree = "<group>"; };
		271AF4EB1DF7C1EE00B3FB02 /* SortAnimation.swift */ = {isa = PBXFileReference; fileEncoding = 4; lastKnownFileType = sourcecode.swift; path = SortAnimation.swift; sourceTree = "<group>"; };
		2731415D1DD1A7840060B6B4 /* SortCollectionViewCell.swift */ = {isa = PBXFileReference; fileEncoding = 4; lastKnownFileType = sourcecode.swift; path = SortCollectionViewCell.swift; sourceTree = "<group>"; };
		2752BC5F1DC48E2C00837BCF /* Sorting.app */ = {isa = PBXFileReference; explicitFileType = wrapper.application; includeInIndex = 0; path = Sorting.app; sourceTree = BUILT_PRODUCTS_DIR; };
		2752BC6C1DC48E2C00837BCF /* Base */ = {isa = PBXFileReference; lastKnownFileType = file.storyboard; name = Base; path = Base.lproj/Main.storyboard; sourceTree = "<group>"; };
		2752BC6E1DC48E2C00837BCF /* Assets.xcassets */ = {isa = PBXFileReference; lastKnownFileType = folder.assetcatalog; path = Assets.xcassets; sourceTree = "<group>"; };
		2752BC711DC48E2C00837BCF /* Base */ = {isa = PBXFileReference; lastKnownFileType = file.storyboard; name = Base; path = Base.lproj/LaunchScreen.storyboard; sourceTree = "<group>"; };
		2752BC731DC48E2C00837BCF /* Info.plist */ = {isa = PBXFileReference; lastKnownFileType = text.plist.xml; path = Info.plist; sourceTree = "<group>"; };
		27545DBC1E32069600025032 /* BigOhStringFormatter.swift */ = {isa = PBXFileReference; fileEncoding = 4; lastKnownFileType = sourcecode.swift; path = BigOhStringFormatter.swift; sourceTree = "<group>"; };
		275592B51DD995B000A5F093 /* QuickSort.swift */ = {isa = PBXFileReference; fileEncoding = 4; lastKnownFileType = sourcecode.swift; path = QuickSort.swift; sourceTree = "<group>"; };
		275592B91DD9B61700A5F093 /* QuickSortMove.swift */ = {isa = PBXFileReference; fileEncoding = 4; lastKnownFileType = sourcecode.swift; path = QuickSortMove.swift; sourceTree = "<group>"; };
		275592BB1DDAD27400A5F093 /* QuickSortCollectionViewCell.swift */ = {isa = PBXFileReference; fileEncoding = 4; lastKnownFileType = sourcecode.swift; path = QuickSortCollectionViewCell.swift; sourceTree = "<group>"; };
		275B391E1DE2DCFE0000B22C /* MergeSort.swift */ = {isa = PBXFileReference; fileEncoding = 4; lastKnownFileType = sourcecode.swift; path = MergeSort.swift; sourceTree = "<group>"; };
		275B39201DE41A1C0000B22C /* MergeSortMove.swift */ = {isa = PBXFileReference; fileEncoding = 4; lastKnownFileType = sourcecode.swift; path = MergeSortMove.swift; sourceTree = "<group>"; };
		278480751DC99566002ADF3D /* Sorting-Bridging-Header.h */ = {isa = PBXFileReference; lastKnownFileType = sourcecode.c.h; path = "Sorting-Bridging-Header.h"; sourceTree = "<group>"; };
		278480791DC995A9002ADF3D /* SortingAlgorithm.swift */ = {isa = PBXFileReference; fileEncoding = 4; lastKnownFileType = sourcecode.swift; path = SortingAlgorithm.swift; sourceTree = "<group>"; };
		2784807E1DC9962E002ADF3D /* BubbleSortMove.swift */ = {isa = PBXFileReference; fileEncoding = 4; lastKnownFileType = sourcecode.swift; path = BubbleSortMove.swift; sourceTree = "<group>"; };
		278480801DC9967A002ADF3D /* BubbleSort.swift */ = {isa = PBXFileReference; fileEncoding = 4; lastKnownFileType = sourcecode.swift; path = BubbleSort.swift; sourceTree = "<group>"; };
		278480841DC99ED9002ADF3D /* BubbleSortViewController.swift */ = {isa = PBXFileReference; fileEncoding = 4; lastKnownFileType = sourcecode.swift; path = BubbleSortViewController.swift; sourceTree = "<group>"; };
		278480861DC99F73002ADF3D /* InsertionSortViewController.swift */ = {isa = PBXFileReference; fileEncoding = 4; lastKnownFileType = sourcecode.swift; path = InsertionSortViewController.swift; sourceTree = "<group>"; };
		278480881DC99FB2002ADF3D /* MergeSortViewController.swift */ = {isa = PBXFileReference; fileEncoding = 4; lastKnownFileType = sourcecode.swift; path = MergeSortViewController.swift; sourceTree = "<group>"; };
		2784808A1DC99FE7002ADF3D /* QuickSortViewController.swift */ = {isa = PBXFileReference; fileEncoding = 4; lastKnownFileType = sourcecode.swift; path = QuickSortViewController.swift; sourceTree = "<group>"; };
		2784808C1DC9A04C002ADF3D /* SideMenuViewController.swift */ = {isa = PBXFileReference; fileEncoding = 4; lastKnownFileType = sourcecode.swift; path = SideMenuViewController.swift; sourceTree = "<group>"; };
		2784808E1DC9A228002ADF3D /* AppDelegate.swift */ = {isa = PBXFileReference; fileEncoding = 4; lastKnownFileType = sourcecode.swift; path = AppDelegate.swift; sourceTree = "<group>"; };
		278480901DC9A302002ADF3D /* MainViewController.swift */ = {isa = PBXFileReference; fileEncoding = 4; lastKnownFileType = sourcecode.swift; path = MainViewController.swift; sourceTree = "<group>"; };
		278480921DC9C443002ADF3D /* SortMove.swift */ = {isa = PBXFileReference; fileEncoding = 4; lastKnownFileType = sourcecode.swift; path = SortMove.swift; sourceTree = "<group>"; };
		27B74B8A1DF8030100DFD30F /* BaseSortingViewController.swift */ = {isa = PBXFileReference; fileEncoding = 4; lastKnownFileType = sourcecode.swift; path = BaseSortingViewController.swift; sourceTree = "<group>"; };
		27BC66661E5314F5000C2B5F /* InputArrays.swift */ = {isa = PBXFileReference; fileEncoding = 4; lastKnownFileType = sourcecode.swift; path = InputArrays.swift; sourceTree = "<group>"; };
		27BC666C1E5402DD000C2B5F /* Base */ = {isa = PBXFileReference; lastKnownFileType = text.plist.strings; name = Base; path = Base.lproj/Localizable.strings; sourceTree = "<group>"; };
		27BC666E1E5402EA000C2B5F /* zh-Hant */ = {isa = PBXFileReference; lastKnownFileType = text.plist.strings; name = "zh-Hant"; path = "zh-Hant.lproj/Localizable.strings"; sourceTree = "<group>"; };
		27BC668D1E5543AF000C2B5F /* Colors.swift */ = {isa = PBXFileReference; fileEncoding = 4; lastKnownFileType = sourcecode.swift; path = Colors.swift; sourceTree = "<group>"; };
		27BC66921E554689000C2B5F /* StringHelpers.swift */ = {isa = PBXFileReference; fileEncoding = 4; lastKnownFileType = sourcecode.swift; path = StringHelpers.swift; sourceTree = "<group>"; };
		39F50848D72ACC04E57D61CA /* Pods_Sorting.framework */ = {isa = PBXFileReference; explicitFileType = wrapper.framework; includeInIndex = 0; path = Pods_Sorting.framework; sourceTree = BUILT_PRODUCTS_DIR; };
		3BFB77BFFE991217998F02A2 /* Pods-Sorting.release.xcconfig */ = {isa = PBXFileReference; includeInIndex = 1; lastKnownFileType = text.xcconfig; name = "Pods-Sorting.release.xcconfig"; path = "Pods/Target Support Files/Pods-Sorting/Pods-Sorting.release.xcconfig"; sourceTree = "<group>"; };
		E149BA7F8AD5EB1C4BC3913D /* Pods-Sorting.debug.xcconfig */ = {isa = PBXFileReference; includeInIndex = 1; lastKnownFileType = text.xcconfig; name = "Pods-Sorting.debug.xcconfig"; path = "Pods/Target Support Files/Pods-Sorting/Pods-Sorting.debug.xcconfig"; sourceTree = "<group>"; };
/* End PBXFileReference section */

/* Begin PBXFrameworksBuildPhase section */
		2752BC5C1DC48E2B00837BCF /* Frameworks */ = {
			isa = PBXFrameworksBuildPhase;
			buildActionMask = 2147483647;
			files = (
				2517F245971D640C733191D0 /* Pods_Sorting.framework in Frameworks */,
			);
			runOnlyForDeploymentPostprocessing = 0;
		};
/* End PBXFrameworksBuildPhase section */

/* Begin PBXGroup section */
		1F7B2D75F9C827D322EA8FA7 /* Pods */ = {
			isa = PBXGroup;
			children = (
				E149BA7F8AD5EB1C4BC3913D /* Pods-Sorting.debug.xcconfig */,
				3BFB77BFFE991217998F02A2 /* Pods-Sorting.release.xcconfig */,
			);
			name = Pods;
			sourceTree = "<group>";
		};
		271AF4BE1DE8419400B3FB02 /* Animation */ = {
			isa = PBXGroup;
			children = (
				271AF4EB1DF7C1EE00B3FB02 /* SortAnimation.swift */,
			);
			name = Animation;
			sourceTree = "<group>";
		};
		271AF4E71DF554BB00B3FB02 /* CollectionViewCells */ = {
			isa = PBXGroup;
			children = (
				2731415D1DD1A7840060B6B4 /* SortCollectionViewCell.swift */,
				275592BB1DDAD27400A5F093 /* QuickSortCollectionViewCell.swift */,
			);
			name = CollectionViewCells;
			sourceTree = "<group>";
		};
		271AF4E81DF554C600B3FB02 /* Helpers */ = {
			isa = PBXGroup;
			children = (
				271AF4E91DF554DA00B3FB02 /* SortLogView.swift */,
			);
			name = Helpers;
			sourceTree = "<group>";
		};
		2752BC561DC48E2B00837BCF = {
			isa = PBXGroup;
			children = (
				2752BC611DC48E2C00837BCF /* Sorting */,
				2752BC601DC48E2C00837BCF /* Products */,
				1F7B2D75F9C827D322EA8FA7 /* Pods */,
				6127772B9533C4369C54BD3A /* Frameworks */,
			);
			sourceTree = "<group>";
		};
		2752BC601DC48E2C00837BCF /* Products */ = {
			isa = PBXGroup;
			children = (
				2752BC5F1DC48E2C00837BCF /* Sorting.app */,
			);
			name = Products;
			sourceTree = "<group>";
		};
		2752BC611DC48E2C00837BCF /* Sorting */ = {
			isa = PBXGroup;
			children = (
				271AF4BE1DE8419400B3FB02 /* Animation */,
				2784808E1DC9A228002ADF3D /* AppDelegate.swift */,
				278480751DC99566002ADF3D /* Sorting-Bridging-Header.h */,
				278480781DC9957A002ADF3D /* Algorithms */,
				2776F4AE1DC498A2000AE6E5 /* Assets */,
				2784807B1DC995D1002ADF3D /* SortMoves */,
				27BC66681E5402A4000C2B5F /* Strings */,
				2776F4AC1DC49892000AE6E5 /* UI */,
				2752BC731DC48E2C00837BCF /* Info.plist */,
				2752BC621DC48E2C00837BCF /* Supporting Files */,
			);
			path = Sorting;
			sourceTree = "<group>";
		};
		2752BC621DC48E2C00837BCF /* Supporting Files */ = {
			isa = PBXGroup;
			children = (
			);
			name = "Supporting Files";
			sourceTree = "<group>";
		};
		27545DBB1E32068700025032 /* Helpers */ = {
			isa = PBXGroup;
			children = (
				27545DBC1E32069600025032 /* BigOhStringFormatter.swift */,
			);
			name = Helpers;
			sourceTree = "<group>";
		};
		2776F4AC1DC49892000AE6E5 /* UI */ = {
			isa = PBXGroup;
			children = (
				27BC668F1E5543B4000C2B5F /* Colors */,
				27545DBB1E32068700025032 /* Helpers */,
				2776F4B41DC49986000AE6E5 /* SortingControllers */,
				278480941DC9E246002ADF3D /* Views */,
				2752BC6B1DC48E2C00837BCF /* Main.storyboard */,
				2784808C1DC9A04C002ADF3D /* SideMenuViewController.swift */,
				278480901DC9A302002ADF3D /* MainViewController.swift */,
			);
			name = UI;
			sourceTree = "<group>";
		};
		2776F4AE1DC498A2000AE6E5 /* Assets */ = {
			isa = PBXGroup;
			children = (
				2752BC6E1DC48E2C00837BCF /* Assets.xcassets */,
				2752BC701DC48E2C00837BCF /* LaunchScreen.storyboard */,
			);
			name = Assets;
			sourceTree = "<group>";
		};
		2776F4B41DC49986000AE6E5 /* SortingControllers */ = {
			isa = PBXGroup;
			children = (
				27B74B8A1DF8030100DFD30F /* BaseSortingViewController.swift */,
				278480841DC99ED9002ADF3D /* BubbleSortViewController.swift */,
				278480861DC99F73002ADF3D /* InsertionSortViewController.swift */,
				278480881DC99FB2002ADF3D /* MergeSortViewController.swift */,
				2784808A1DC99FE7002ADF3D /* QuickSortViewController.swift */,
			);
			name = SortingControllers;
			sourceTree = "<group>";
		};
		278480781DC9957A002ADF3D /* Algorithms */ = {
			isa = PBXGroup;
			children = (
				27BC66651E5314C6000C2B5F /* Helpers */,
				278480791DC995A9002ADF3D /* SortingAlgorithm.swift */,
				278480801DC9967A002ADF3D /* BubbleSort.swift */,
				271AF4C51DEE92FD00B3FB02 /* InsertionSort.swift */,
				275B391E1DE2DCFE0000B22C /* MergeSort.swift */,
				275592B51DD995B000A5F093 /* QuickSort.swift */,
			);
			name = Algorithms;
			sourceTree = "<group>";
		};
		2784807B1DC995D1002ADF3D /* SortMoves */ = {
			isa = PBXGroup;
			children = (
				2784807E1DC9962E002ADF3D /* BubbleSortMove.swift */,
				275B39201DE41A1C0000B22C /* MergeSortMove.swift */,
				278480921DC9C443002ADF3D /* SortMove.swift */,
				275592B91DD9B61700A5F093 /* QuickSortMove.swift */,
				271AF4C71DEEAE1900B3FB02 /* InsertionSortMove.swift */,
			);
			name = SortMoves;
			sourceTree = "<group>";
		};
		278480941DC9E246002ADF3D /* Views */ = {
			isa = PBXGroup;
			children = (
				271AF4E71DF554BB00B3FB02 /* CollectionViewCells */,
				271AF4E81DF554C600B3FB02 /* Helpers */,
			);
			name = Views;
			sourceTree = "<group>";
		};
		27BC66651E5314C6000C2B5F /* Helpers */ = {
			isa = PBXGroup;
			children = (
				27BC66661E5314F5000C2B5F /* InputArrays.swift */,
			);
			name = Helpers;
			sourceTree = "<group>";
		};
		27BC66681E5402A4000C2B5F /* Strings */ = {
			isa = PBXGroup;
			children = (
				27BC66901E554659000C2B5F /* Assets */,
				27BC66911E554663000C2B5F /* Helpers */,
			);
			name = Strings;
			sourceTree = "<group>";
		};
		27BC668F1E5543B4000C2B5F /* Colors */ = {
			isa = PBXGroup;
			children = (
				27BC668D1E5543AF000C2B5F /* Colors.swift */,
			);
			name = Colors;
			sourceTree = "<group>";
		};
		27BC66901E554659000C2B5F /* Assets */ = {
			isa = PBXGroup;
			children = (
				27BC666D1E5402DD000C2B5F /* Localizable.strings */,
			);
			name = Assets;
			sourceTree = "<group>";
		};
		27BC66911E554663000C2B5F /* Helpers */ = {
			isa = PBXGroup;
			children = (
				27BC66921E554689000C2B5F /* StringHelpers.swift */,
			);
			name = Helpers;
			sourceTree = "<group>";
		};
		6127772B9533C4369C54BD3A /* Frameworks */ = {
			isa = PBXGroup;
			children = (
				39F50848D72ACC04E57D61CA /* Pods_Sorting.framework */,
			);
			name = Frameworks;
			sourceTree = "<group>";
		};
/* End PBXGroup section */

/* Begin PBXNativeTarget section */
		2752BC5E1DC48E2B00837BCF /* Sorting */ = {
			isa = PBXNativeTarget;
			buildConfigurationList = 2752BC761DC48E2C00837BCF /* Build configuration list for PBXNativeTarget "Sorting" */;
			buildPhases = (
				121FC50EE0EA4A10E29A768D /* [CP] Check Pods Manifest.lock */,
				2752BC5B1DC48E2B00837BCF /* Sources */,
				2752BC5C1DC48E2B00837BCF /* Frameworks */,
				2752BC5D1DC48E2B00837BCF /* Resources */,
				4BF13D33403C265339C55725 /* [CP] Embed Pods Frameworks */,
				BED557BAFCCD58CACBE50ED5 /* [CP] Copy Pods Resources */,
			);
			buildRules = (
			);
			dependencies = (
			);
			name = Sorting;
			productName = Sorting;
			productReference = 2752BC5F1DC48E2C00837BCF /* Sorting.app */;
			productType = "com.apple.product-type.application";
		};
/* End PBXNativeTarget section */

/* Begin PBXProject section */
		2752BC571DC48E2B00837BCF /* Project object */ = {
			isa = PBXProject;
			attributes = {
				LastUpgradeCheck = 0810;
				ORGANIZATIONNAME = "Mike Woodruff";
				TargetAttributes = {
					2752BC5E1DC48E2B00837BCF = {
						CreatedOnToolsVersion = 8.1;
						DevelopmentTeam = CDYJ6ZHDSV;
						LastSwiftMigration = 0810;
						ProvisioningStyle = Automatic;
					};
				};
			};
			buildConfigurationList = 2752BC5A1DC48E2B00837BCF /* Build configuration list for PBXProject "Sorting" */;
			compatibilityVersion = "Xcode 3.2";
			developmentRegion = English;
			hasScannedForEncodings = 0;
			knownRegions = (
				en,
				Base,
				"zh-Hant",
			);
			mainGroup = 2752BC561DC48E2B00837BCF;
			productRefGroup = 2752BC601DC48E2C00837BCF /* Products */;
			projectDirPath = "";
			projectRoot = "";
			targets = (
				2752BC5E1DC48E2B00837BCF /* Sorting */,
			);
		};
/* End PBXProject section */

/* Begin PBXResourcesBuildPhase section */
		2752BC5D1DC48E2B00837BCF /* Resources */ = {
			isa = PBXResourcesBuildPhase;
			buildActionMask = 2147483647;
			files = (
				2752BC721DC48E2C00837BCF /* LaunchScreen.storyboard in Resources */,
				27BC666B1E5402DD000C2B5F /* Localizable.strings in Resources */,
				2752BC6F1DC48E2C00837BCF /* Assets.xcassets in Resources */,
				2752BC6D1DC48E2C00837BCF /* Main.storyboard in Resources */,
			);
			runOnlyForDeploymentPostprocessing = 0;
		};
/* End PBXResourcesBuildPhase section */

/* Begin PBXShellScriptBuildPhase section */
		121FC50EE0EA4A10E29A768D /* [CP] Check Pods Manifest.lock */ = {
			isa = PBXShellScriptBuildPhase;
			buildActionMask = 2147483647;
			files = (
			);
			inputPaths = (
			);
			name = "[CP] Check Pods Manifest.lock";
			outputPaths = (
			);
			runOnlyForDeploymentPostprocessing = 0;
			shellPath = /bin/sh;
			shellScript = "diff \"${PODS_ROOT}/../Podfile.lock\" \"${PODS_ROOT}/Manifest.lock\" > /dev/null\nif [ $? != 0 ] ; then\n    # print error to STDERR\n    echo \"error: The sandbox is not in sync with the Podfile.lock. Run 'pod install' or update your CocoaPods installation.\" >&2\n    exit 1\nfi\n";
			showEnvVarsInLog = 0;
		};
		4BF13D33403C265339C55725 /* [CP] Embed Pods Frameworks */ = {
			isa = PBXShellScriptBuildPhase;
			buildActionMask = 2147483647;
			files = (
			);
			inputPaths = (
			);
			name = "[CP] Embed Pods Frameworks";
			outputPaths = (
			);
			runOnlyForDeploymentPostprocessing = 0;
			shellPath = /bin/sh;
			shellScript = "\"${SRCROOT}/Pods/Target Support Files/Pods-Sorting/Pods-Sorting-frameworks.sh\"\n";
			showEnvVarsInLog = 0;
		};
		BED557BAFCCD58CACBE50ED5 /* [CP] Copy Pods Resources */ = {
			isa = PBXShellScriptBuildPhase;
			buildActionMask = 2147483647;
			files = (
			);
			inputPaths = (
			);
			name = "[CP] Copy Pods Resources";
			outputPaths = (
			);
			runOnlyForDeploymentPostprocessing = 0;
			shellPath = /bin/sh;
			shellScript = "\"${SRCROOT}/Pods/Target Support Files/Pods-Sorting/Pods-Sorting-resources.sh\"\n";
			showEnvVarsInLog = 0;
		};
/* End PBXShellScriptBuildPhase section */

/* Begin PBXSourcesBuildPhase section */
		2752BC5B1DC48E2B00837BCF /* Sources */ = {
			isa = PBXSourcesBuildPhase;
			buildActionMask = 2147483647;
			files = (
				271AF4C61DEE92FD00B3FB02 /* InsertionSort.swift in Sources */,
				278480851DC99ED9002ADF3D /* BubbleSortViewController.swift in Sources */,
				27BC66931E554689000C2B5F /* StringHelpers.swift in Sources */,
				278480911DC9A302002ADF3D /* MainViewController.swift in Sources */,
				2731415E1DD1A7840060B6B4 /* SortCollectionViewCell.swift in Sources */,
				275B391F1DE2DCFE0000B22C /* MergeSort.swift in Sources */,
				275B39211DE41A1C0000B22C /* MergeSortMove.swift in Sources */,
				27BC668E1E5543AF000C2B5F /* Colors.swift in Sources */,
				2784808D1DC9A04C002ADF3D /* SideMenuViewController.swift in Sources */,
				271AF4C81DEEAE1900B3FB02 /* InsertionSortMove.swift in Sources */,
				27B74B8B1DF8030100DFD30F /* BaseSortingViewController.swift in Sources */,
				278480931DC9C443002ADF3D /* SortMove.swift in Sources */,
				271AF4EA1DF554DA00B3FB02 /* SortLogView.swift in Sources */,
				2784807A1DC995A9002ADF3D /* SortingAlgorithm.swift in Sources */,
				2784808B1DC99FE7002ADF3D /* QuickSortViewController.swift in Sources */,
				275592BC1DDAD27400A5F093 /* QuickSortCollectionViewCell.swift in Sources */,
				278480871DC99F73002ADF3D /* InsertionSortViewController.swift in Sources */,
				275592B61DD995B000A5F093 /* QuickSort.swift in Sources */,
				271AF4EC1DF7C1EE00B3FB02 /* SortAnimation.swift in Sources */,
				27545DBD1E32069600025032 /* BigOhStringFormatter.swift in Sources */,
				278480891DC99FB2002ADF3D /* MergeSortViewController.swift in Sources */,
				2784808F1DC9A228002ADF3D /* AppDelegate.swift in Sources */,
				2784807F1DC9962E002ADF3D /* BubbleSortMove.swift in Sources */,
				278480811DC9967A002ADF3D /* BubbleSort.swift in Sources */,
				27BC66671E5314F5000C2B5F /* InputArrays.swift in Sources */,
				275592BA1DD9B61700A5F093 /* QuickSortMove.swift in Sources */,
			);
			runOnlyForDeploymentPostprocessing = 0;
		};
/* End PBXSourcesBuildPhase section */

/* Begin PBXVariantGroup section */
		2752BC6B1DC48E2C00837BCF /* Main.storyboard */ = {
			isa = PBXVariantGroup;
			children = (
				2752BC6C1DC48E2C00837BCF /* Base */,
			);
			name = Main.storyboard;
			sourceTree = "<group>";
		};
		2752BC701DC48E2C00837BCF /* LaunchScreen.storyboard */ = {
			isa = PBXVariantGroup;
			children = (
				2752BC711DC48E2C00837BCF /* Base */,
			);
			name = LaunchScreen.storyboard;
			sourceTree = "<group>";
		};
		27BC666D1E5402DD000C2B5F /* Localizable.strings */ = {
			isa = PBXVariantGroup;
			children = (
				27BC666C1E5402DD000C2B5F /* Base */,
				27BC666E1E5402EA000C2B5F /* zh-Hant */,
			);
			name = Localizable.strings;
			sourceTree = "<group>";
		};
/* End PBXVariantGroup section */

/* Begin XCBuildConfiguration section */
		2752BC741DC48E2C00837BCF /* Debug */ = {
			isa = XCBuildConfiguration;
			buildSettings = {
				ALWAYS_SEARCH_USER_PATHS = NO;
				CLANG_ANALYZER_LOCALIZABILITY_NONLOCALIZED = YES;
				CLANG_ANALYZER_NONNULL = YES;
				CLANG_CXX_LANGUAGE_STANDARD = "gnu++0x";
				CLANG_CXX_LIBRARY = "libc++";
				CLANG_ENABLE_MODULES = YES;
				CLANG_ENABLE_OBJC_ARC = YES;
				CLANG_WARN_BOOL_CONVERSION = YES;
				CLANG_WARN_CONSTANT_CONVERSION = YES;
				CLANG_WARN_DIRECT_OBJC_ISA_USAGE = YES_ERROR;
				CLANG_WARN_DOCUMENTATION_COMMENTS = YES;
				CLANG_WARN_EMPTY_BODY = YES;
				CLANG_WARN_ENUM_CONVERSION = YES;
				CLANG_WARN_INFINITE_RECURSION = YES;
				CLANG_WARN_INT_CONVERSION = YES;
				CLANG_WARN_OBJC_ROOT_CLASS = YES_ERROR;
				CLANG_WARN_SUSPICIOUS_MOVES = YES;
				CLANG_WARN_UNREACHABLE_CODE = YES;
				CLANG_WARN__DUPLICATE_METHOD_MATCH = YES;
				"CODE_SIGN_IDENTITY[sdk=iphoneos*]" = "iPhone Developer";
				COPY_PHASE_STRIP = NO;
				DEBUG_INFORMATION_FORMAT = dwarf;
				ENABLE_STRICT_OBJC_MSGSEND = YES;
				ENABLE_TESTABILITY = YES;
				GCC_C_LANGUAGE_STANDARD = gnu99;
				GCC_DYNAMIC_NO_PIC = NO;
				GCC_NO_COMMON_BLOCKS = YES;
				GCC_OPTIMIZATION_LEVEL = 0;
				GCC_PREPROCESSOR_DEFINITIONS = (
					"DEBUG=1",
					"$(inherited)",
				);
				GCC_WARN_64_TO_32_BIT_CONVERSION = YES;
				GCC_WARN_ABOUT_RETURN_TYPE = YES_ERROR;
				GCC_WARN_UNDECLARED_SELECTOR = YES;
				GCC_WARN_UNINITIALIZED_AUTOS = YES_AGGRESSIVE;
				GCC_WARN_UNUSED_FUNCTION = YES;
				GCC_WARN_UNUSED_VARIABLE = YES;
				IPHONEOS_DEPLOYMENT_TARGET = 10.1;
				MTL_ENABLE_DEBUG_INFO = YES;
				ONLY_ACTIVE_ARCH = YES;
				SDKROOT = iphoneos;
			};
			name = Debug;
		};
		2752BC751DC48E2C00837BCF /* Release */ = {
			isa = XCBuildConfiguration;
			buildSettings = {
				ALWAYS_SEARCH_USER_PATHS = NO;
				CLANG_ANALYZER_LOCALIZABILITY_NONLOCALIZED = YES;
				CLANG_ANALYZER_NONNULL = YES;
				CLANG_CXX_LANGUAGE_STANDARD = "gnu++0x";
				CLANG_CXX_LIBRARY = "libc++";
				CLANG_ENABLE_MODULES = YES;
				CLANG_ENABLE_OBJC_ARC = YES;
				CLANG_WARN_BOOL_CONVERSION = YES;
				CLANG_WARN_CONSTANT_CONVERSION = YES;
				CLANG_WARN_DIRECT_OBJC_ISA_USAGE = YES_ERROR;
				CLANG_WARN_DOCUMENTATION_COMMENTS = YES;
				CLANG_WARN_EMPTY_BODY = YES;
				CLANG_WARN_ENUM_CONVERSION = YES;
				CLANG_WARN_INFINITE_RECURSION = YES;
				CLANG_WARN_INT_CONVERSION = YES;
				CLANG_WARN_OBJC_ROOT_CLASS = YES_ERROR;
				CLANG_WARN_SUSPICIOUS_MOVES = YES;
				CLANG_WARN_UNREACHABLE_CODE = YES;
				CLANG_WARN__DUPLICATE_METHOD_MATCH = YES;
				"CODE_SIGN_IDENTITY[sdk=iphoneos*]" = "iPhone Developer";
				COPY_PHASE_STRIP = NO;
				DEBUG_INFORMATION_FORMAT = "dwarf-with-dsym";
				ENABLE_NS_ASSERTIONS = NO;
				ENABLE_STRICT_OBJC_MSGSEND = YES;
				GCC_C_LANGUAGE_STANDARD = gnu99;
				GCC_NO_COMMON_BLOCKS = YES;
				GCC_WARN_64_TO_32_BIT_CONVERSION = YES;
				GCC_WARN_ABOUT_RETURN_TYPE = YES_ERROR;
				GCC_WARN_UNDECLARED_SELECTOR = YES;
				GCC_WARN_UNINITIALIZED_AUTOS = YES_AGGRESSIVE;
				GCC_WARN_UNUSED_FUNCTION = YES;
				GCC_WARN_UNUSED_VARIABLE = YES;
				IPHONEOS_DEPLOYMENT_TARGET = 10.1;
				MTL_ENABLE_DEBUG_INFO = NO;
				SDKROOT = iphoneos;
				VALIDATE_PRODUCT = YES;
			};
			name = Release;
		};
		2752BC771DC48E2C00837BCF /* Debug */ = {
			isa = XCBuildConfiguration;
			baseConfigurationReference = E149BA7F8AD5EB1C4BC3913D /* Pods-Sorting.debug.xcconfig */;
			buildSettings = {
				ASSETCATALOG_COMPILER_APPICON_NAME = AppIcon;
				CLANG_ENABLE_MODULES = YES;
				DEVELOPMENT_TEAM = CDYJ6ZHDSV;
				INFOPLIST_FILE = Sorting/Info.plist;
				LD_RUNPATH_SEARCH_PATHS = "$(inherited) @executable_path/Frameworks";
				PRODUCT_BUNDLE_IDENTIFIER = MW.Sorting;
				PRODUCT_NAME = "$(TARGET_NAME)";
				SWIFT_OBJC_BRIDGING_HEADER = "Sorting/Sorting-Bridging-Header.h";
				SWIFT_OPTIMIZATION_LEVEL = "-Onone";
				SWIFT_VERSION = 3.0;
			};
			name = Debug;
		};
		2752BC781DC48E2C00837BCF /* Release */ = {
			isa = XCBuildConfiguration;
			baseConfigurationReference = 3BFB77BFFE991217998F02A2 /* Pods-Sorting.release.xcconfig */;
			buildSettings = {
				ASSETCATALOG_COMPILER_APPICON_NAME = AppIcon;
				CLANG_ENABLE_MODULES = YES;
				DEVELOPMENT_TEAM = CDYJ6ZHDSV;
				INFOPLIST_FILE = Sorting/Info.plist;
				LD_RUNPATH_SEARCH_PATHS = "$(inherited) @executable_path/Frameworks";
				PRODUCT_BUNDLE_IDENTIFIER = MW.Sorting;
				PRODUCT_NAME = "$(TARGET_NAME)";
				SWIFT_OBJC_BRIDGING_HEADER = "Sorting/Sorting-Bridging-Header.h";
				SWIFT_VERSION = 3.0;
			};
			name = Release;
		};
/* End XCBuildConfiguration section */

/* Begin XCConfigurationList section */
		2752BC5A1DC48E2B00837BCF /* Build configuration list for PBXProject "Sorting" */ = {
			isa = XCConfigurationList;
			buildConfigurations = (
				2752BC741DC48E2C00837BCF /* Debug */,
				2752BC751DC48E2C00837BCF /* Release */,
			);
			defaultConfigurationIsVisible = 0;
			defaultConfigurationName = Release;
		};
		2752BC761DC48E2C00837BCF /* Build configuration list for PBXNativeTarget "Sorting" */ = {
			isa = XCConfigurationList;
			buildConfigurations = (
				2752BC771DC48E2C00837BCF /* Debug */,
				2752BC781DC48E2C00837BCF /* Release */,
			);
			defaultConfigurationIsVisible = 0;
			defaultConfigurationName = Release;
		};
/* End XCConfigurationList section */
	};
	rootObject = 2752BC571DC48E2B00837BCF /* Project object */;
}
